
Microsoft Visual Studio Solution File, Format Version 12.00
# Visual Studio Version 17
VisualStudioVersion = 17.0.31912.275
MinimumVisualStudioVersion = 10.0.40219.1
Project("{FAE04EC0-301F-11D3-BF4B-00C04F79EFBC}") = "MissingMethodExceptionSample.Android", "MissingMethodExceptionSample.Android\MissingMethodExceptionSample.Android.csproj", "{1B9720E0-67EE-425C-A249-56EF9AF2B8AF}"
EndProject
Project("{FAE04EC0-301F-11D3-BF4B-00C04F79EFBC}") = "MissingMethodExceptionSample", "MissingMethodExceptionSample\MissingMethodExceptionSample.csproj", "{A6F365F8-9C11-4CDA-905F-0D887C6E3851}"
EndProject
Global
	GlobalSection(SolutionConfigurationPlatforms) = preSolution
		Debug|Any CPU = Debug|Any CPU
		Debug|iPhone = Debug|iPhone
		Debug|iPhoneSimulator = Debug|iPhoneSimulator
		Release|Any CPU = Release|Any CPU
		Release|iPhone = Release|iPhone
		Release|iPhoneSimulator = Release|iPhoneSimulator
	EndGlobalSection
	GlobalSection(ProjectConfigurationPlatforms) = postSolution
		{1B9720E0-67EE-425C-A249-56EF9AF2B8AF}.Debug|Any CPU.ActiveCfg = Debug|Any CPU
		{1B9720E0-67EE-425C-A249-56EF9AF2B8AF}.Debug|Any CPU.Build.0 = Debug|Any CPU
		{1B9720E0-67EE-425C-A249-56EF9AF2B8AF}.Debug|Any CPU.Deploy.0 = Debug|Any CPU
		{1B9720E0-67EE-425C-A249-56EF9AF2B8AF}.Debug|iPhone.ActiveCfg = Debug|Any CPU
		{1B9720E0-67EE-425C-A249-56EF9AF2B8AF}.Debug|iPhone.Build.0 = Debug|Any CPU
		{1B9720E0-67EE-425C-A249-56EF9AF2B8AF}.Debug|iPhone.Deploy.0 = Debug|Any CPU
		{1B9720E0-67EE-425C-A249-56EF9AF2B8AF}.Debug|iPhoneSimulator.ActiveCfg = Debug|Any CPU
		{1B9720E0-67EE-425C-A249-56EF9AF2B8AF}.Debug|iPhoneSimulator.Build.0 = Debug|Any CPU
		{1B9720E0-67EE-425C-A249-56EF9AF2B8AF}.Debug|iPhoneSimulator.Deploy.0 = Debug|Any CPU
		{1B9720E0-67EE-425C-A249-56EF9AF2B8AF}.Release|Any CPU.ActiveCfg = Release|Any CPU
		{1B9720E0-67EE-425C-A249-56EF9AF2B8AF}.Release|Any CPU.Build.0 = Release|Any CPU
		{1B9720E0-67EE-425C-A249-56EF9AF2B8AF}.Release|Any CPU.Deploy.0 = Release|Any CPU
		{1B9720E0-67EE-425C-A249-56EF9AF2B8AF}.Release|iPhone.ActiveCfg = Release|Any CPU
		{1B9720E0-67EE-425C-A249-56EF9AF2B8AF}.Release|iPhone.Build.0 = Release|Any CPU
		{1B9720E0-67EE-425C-A249-56EF9AF2B8AF}.Release|iPhone.Deploy.0 = Release|Any CPU
		{1B9720E0-67EE-425C-A249-56EF9AF2B8AF}.Release|iPhoneSimulator.ActiveCfg = Release|Any CPU
		{1B9720E0-67EE-425C-A249-56EF9AF2B8AF}.Release|iPhoneSimulator.Build.0 = Release|Any CPU
		{1B9720E0-67EE-425C-A249-56EF9AF2B8AF}.Release|iPhoneSimulator.Deploy.0 = Release|Any CPU
		{A6F365F8-9C11-4CDA-905F-0D887C6E3851}.Debug|Any CPU.ActiveCfg = Debug|Any CPU
		{A6F365F8-9C11-4CDA-905F-0D887C6E3851}.Debug|Any CPU.Build.0 = Debug|Any CPU
		{A6F365F8-9C11-4CDA-905F-0D887C6E3851}.Debug|Any CPU.Deploy.0 = Debug|Any CPU
		{A6F365F8-9C11-4CDA-905F-0D887C6E3851}.Debug|iPhone.ActiveCfg = Debug|Any CPU
		{A6F365F8-9C11-4CDA-905F-0D887C6E3851}.Debug|iPhone.Build.0 = Debug|Any CPU
		{A6F365F8-9C11-4CDA-905F-0D887C6E3851}.Debug|iPhone.Deploy.0 = Debug|Any CPU
		{A6F365F8-9C11-4CDA-905F-0D887C6E3851}.Debug|iPhoneSimulator.ActiveCfg = Debug|Any CPU
		{A6F365F8-9C11-4CDA-905F-0D887C6E3851}.Debug|iPhoneSimulator.Build.0 = Debug|Any CPU
		{A6F365F8-9C11-4CDA-905F-0D887C6E3851}.Debug|iPhoneSimulator.Deploy.0 = Debug|Any CPU
		{A6F365F8-9C11-4CDA-905F-0D887C6E3851}.Release|Any CPU.ActiveCfg = Release|Any CPU
		{A6F365F8-9C11-4CDA-905F-0D887C6E3851}.Release|Any CPU.Build.0 = Release|Any CPU
		{A6F365F8-9C11-4CDA-905F-0D887C6E3851}.Release|Any CPU.Deploy.0 = Release|Any CPU
		{A6F365F8-9C11-4CDA-905F-0D887C6E3851}.Release|iPhone.ActiveCfg = Release|Any CPU
		{A6F365F8-9C11-4CDA-905F-0D887C6E3851}.Release|iPhone.Build.0 = Release|Any CPU
		{A6F365F8-9C11-4CDA-905F-0D887C6E3851}.Release|iPhone.Deploy.0 = Release|Any CPU
		{A6F365F8-9C11-4CDA-905F-0D887C6E3851}.Release|iPhoneSimulator.ActiveCfg = Release|Any CPU
		{A6F365F8-9C11-4CDA-905F-0D887C6E3851}.Release|iPhoneSimulator.Build.0 = Release|Any CPU
		{A6F365F8-9C11-4CDA-905F-0D887C6E3851}.Release|iPhoneSimulator.Deploy.0 = Release|Any CPU
	EndGlobalSection
	GlobalSection(SolutionProperties) = preSolution
		HideSolutionNode = FALSE
	EndGlobalSection
	GlobalSection(ExtensibilityGlobals) = postSolution
		SolutionGuid = {3EAFBBA4-223B-460A-B998-CDA320546AE2}
	EndGlobalSection
EndGlobal
